<Solution>
  <Folder Name="/examples/">
    <Project Path="examples/DeliveryAPIClient.Examples/DeliveryAPIClient.Examples.csproj" />
  </Folder>
  <Folder Name="/src/">
    <Project Path="src/DeliveryAPIClient/DeliveryAPIClient.csproj" />
  </Folder>
  <Folder Name="/tests/">
    <Project Path="tests/DeliveryAPIClient.Tests/DeliveryAPIClient.Tests.csproj" />
  </Folder>
</Solution>
